
Microsoft Visual Studio Solution File, Format Version 12.00
# Visual Studio Version 16
VisualStudioVersion = 16.0.30717.126
MinimumVisualStudioVersion = 10.0.40219.1
Project("{9A19103F-16F7-4668-BE54-9A1E7A4F7556}") = "Day01", "Day01\Day01.csproj", "{9CB21A1F-2C53-453C-963D-B60938893E8A}"
EndProject
Project("{FAE04EC0-301F-11D3-BF4B-00C04F79EFBC}") = "Day02", "Day02\Day02.csproj", "{CE2D48BC-94B4-4559-A20C-C42D66169282}"
EndProject
Project("{FAE04EC0-301F-11D3-BF4B-00C04F79EFBC}") = "Day03", "Day03\Day03.csproj", "{3F5156AE-DB0F-4652-80BB-E0932C972538}"
EndProject
Project("{FAE04EC0-301F-11D3-BF4B-00C04F79EFBC}") = "Day04", "Day04\Day04.csproj", "{5BA58264-EABA-47B5-B87E-3BCE2112A11A}"
EndProject
Project("{FAE04EC0-301F-11D3-BF4B-00C04F79EFBC}") = "Day05", "Day05\Day05.csproj", "{940D5878-1788-41E4-B1EE-F522D321E145}"
EndProject
Project("{FAE04EC0-301F-11D3-BF4B-00C04F79EFBC}") = "Day06", "Day06\Day06.csproj", "{13F2944F-6357-493F-8B0B-8F9E21209C6F}"
EndProject
Project("{FAE04EC0-301F-11D3-BF4B-00C04F79EFBC}") = "Day07", "Day07\Day07.csproj", "{A9FBE4B9-5749-49BE-8374-A282D113ABD5}"
EndProject
Global
	GlobalSection(SolutionConfigurationPlatforms) = preSolution
		Debug|Any CPU = Debug|Any CPU
		Release|Any CPU = Release|Any CPU
	EndGlobalSection
	GlobalSection(ProjectConfigurationPlatforms) = postSolution
		{9CB21A1F-2C53-453C-963D-B60938893E8A}.Debug|Any CPU.ActiveCfg = Debug|Any CPU
		{9CB21A1F-2C53-453C-963D-B60938893E8A}.Debug|Any CPU.Build.0 = Debug|Any CPU
		{9CB21A1F-2C53-453C-963D-B60938893E8A}.Release|Any CPU.ActiveCfg = Release|Any CPU
		{9CB21A1F-2C53-453C-963D-B60938893E8A}.Release|Any CPU.Build.0 = Release|Any CPU
		{CE2D48BC-94B4-4559-A20C-C42D66169282}.Debug|Any CPU.ActiveCfg = Debug|Any CPU
		{CE2D48BC-94B4-4559-A20C-C42D66169282}.Debug|Any CPU.Build.0 = Debug|Any CPU
		{CE2D48BC-94B4-4559-A20C-C42D66169282}.Release|Any CPU.ActiveCfg = Release|Any CPU
		{CE2D48BC-94B4-4559-A20C-C42D66169282}.Release|Any CPU.Build.0 = Release|Any CPU
		{3F5156AE-DB0F-4652-80BB-E0932C972538}.Debug|Any CPU.ActiveCfg = Debug|Any CPU
		{3F5156AE-DB0F-4652-80BB-E0932C972538}.Debug|Any CPU.Build.0 = Debug|Any CPU
		{3F5156AE-DB0F-4652-80BB-E0932C972538}.Release|Any CPU.ActiveCfg = Release|Any CPU
		{3F5156AE-DB0F-4652-80BB-E0932C972538}.Release|Any CPU.Build.0 = Release|Any CPU
		{5BA58264-EABA-47B5-B87E-3BCE2112A11A}.Debug|Any CPU.ActiveCfg = Debug|Any CPU
		{5BA58264-EABA-47B5-B87E-3BCE2112A11A}.Debug|Any CPU.Build.0 = Debug|Any CPU
		{5BA58264-EABA-47B5-B87E-3BCE2112A11A}.Release|Any CPU.ActiveCfg = Release|Any CPU
		{5BA58264-EABA-47B5-B87E-3BCE2112A11A}.Release|Any CPU.Build.0 = Release|Any CPU
		{940D5878-1788-41E4-B1EE-F522D321E145}.Debug|Any CPU.ActiveCfg = Debug|Any CPU
		{940D5878-1788-41E4-B1EE-F522D321E145}.Debug|Any CPU.Build.0 = Debug|Any CPU
		{940D5878-1788-41E4-B1EE-F522D321E145}.Release|Any CPU.ActiveCfg = Release|Any CPU
		{940D5878-1788-41E4-B1EE-F522D321E145}.Release|Any CPU.Build.0 = Release|Any CPU
		{13F2944F-6357-493F-8B0B-8F9E21209C6F}.Debug|Any CPU.ActiveCfg = Debug|Any CPU
		{13F2944F-6357-493F-8B0B-8F9E21209C6F}.Debug|Any CPU.Build.0 = Debug|Any CPU
		{13F2944F-6357-493F-8B0B-8F9E21209C6F}.Release|Any CPU.ActiveCfg = Release|Any CPU
		{13F2944F-6357-493F-8B0B-8F9E21209C6F}.Release|Any CPU.Build.0 = Release|Any CPU
		{A9FBE4B9-5749-49BE-8374-A282D113ABD5}.Debug|Any CPU.ActiveCfg = Debug|Any CPU
		{A9FBE4B9-5749-49BE-8374-A282D113ABD5}.Debug|Any CPU.Build.0 = Debug|Any CPU
		{A9FBE4B9-5749-49BE-8374-A282D113ABD5}.Release|Any CPU.ActiveCfg = Release|Any CPU
		{A9FBE4B9-5749-49BE-8374-A282D113ABD5}.Release|Any CPU.Build.0 = Release|Any CPU
	EndGlobalSection
	GlobalSection(SolutionProperties) = preSolution
		HideSolutionNode = FALSE
	EndGlobalSection
	GlobalSection(ExtensibilityGlobals) = postSolution
		SolutionGuid = {B9C91DC4-0EA3-48CA-9E83-CB26E8793845}
	EndGlobalSection
EndGlobal
